
Microsoft Visual Studio Solution File, Format Version 12.00
# Visual Studio Version 17
VisualStudioVersion = 17.6.33801.468
MinimumVisualStudioVersion = 10.0.40219.1
Project("{888888A0-9F3D-457C-B088-3A5042F75D52}") = "PortScanner", "PortScanner\PortScanner.pyproj", "{EB0BE5BD-564C-4CE1-8347-CEF46ED1BEDB}"
EndProject
Global
	GlobalSection(SolutionConfigurationPlatforms) = preSolution
		Debug|Any CPU = Debug|Any CPU
		Release|Any CPU = Release|Any CPU
	EndGlobalSection
	GlobalSection(ProjectConfigurationPlatforms) = postSolution
		{EB0BE5BD-564C-4CE1-8347-CEF46ED1BEDB}.Debug|Any CPU.ActiveCfg = Debug|Any CPU
		{EB0BE5BD-564C-4CE1-8347-CEF46ED1BEDB}.Release|Any CPU.ActiveCfg = Release|Any CPU
	EndGlobalSection
	GlobalSection(SolutionProperties) = preSolution
		HideSolutionNode = FALSE
	EndGlobalSection
	GlobalSection(ExtensibilityGlobals) = postSolution
		SolutionGuid = {6B7EC82F-EE7D-4715-A12B-221DC8C93BF6}
	EndGlobalSection
EndGlobal
